
Microsoft Visual Studio Solution File, Format Version 12.00
# Visual Studio Version 17
VisualStudioVersion = 17.5.33530.505
MinimumVisualStudioVersion = 10.0.40219.1
Project("{FAE04EC0-301F-11D3-BF4B-00C04F79EFBC}") = "JWT_Authentication", "JWT_Authentication\JWT_Authentication.csproj", "{1F3AE165-32A5-4EBE-AF65-293414EF65D8}"
EndProject
Global
	GlobalSection(SolutionConfigurationPlatforms) = preSolution
		Debug|Any CPU = Debug|Any CPU
		Release|Any CPU = Release|Any CPU
	EndGlobalSection
	GlobalSection(ProjectConfigurationPlatforms) = postSolution
		{1F3AE165-32A5-4EBE-AF65-293414EF65D8}.Debug|Any CPU.ActiveCfg = Debug|Any CPU
		{1F3AE165-32A5-4EBE-AF65-293414EF65D8}.Debug|Any CPU.Build.0 = Debug|Any CPU
		{1F3AE165-32A5-4EBE-AF65-293414EF65D8}.Release|Any CPU.ActiveCfg = Release|Any CPU
		{1F3AE165-32A5-4EBE-AF65-293414EF65D8}.Release|Any CPU.Build.0 = Release|Any CPU
	EndGlobalSection
	GlobalSection(SolutionProperties) = preSolution
		HideSolutionNode = FALSE
	EndGlobalSection
	GlobalSection(ExtensibilityGlobals) = postSolution
		SolutionGuid = {A5FCB6C7-9C63-41F4-93F7-3D3FA198F5D7}
	EndGlobalSection
EndGlobal
